
Microsoft Visual Studio Solution File, Format Version 12.00
# Visual Studio 2013
VisualStudioVersion = 12.0.20617.1 PREVIEW
MinimumVisualStudioVersion = 10.0.40219.1
Project("{FAE04EC0-301F-11D3-BF4B-00C04F79EFBC}") = "Desafio", "Desafio\Desafio.csproj", "{FF1275DF-4614-43C2-A1E7-AA397D8C0F45}"
EndProject
Project("{FAE04EC0-301F-11D3-BF4B-00C04F79EFBC}") = "Desafio.Tests", "Desafio.Tests\Desafio.Tests.csproj", "{59CBE0C3-B455-4041-B7ED-57C1A240B361}"
EndProject
Global
	GlobalSection(SolutionConfigurationPlatforms) = preSolution
		Debug|Any CPU = Debug|Any CPU
		Release|Any CPU = Release|Any CPU
	EndGlobalSection
	GlobalSection(ProjectConfigurationPlatforms) = postSolution
		{FF1275DF-4614-43C2-A1E7-AA397D8C0F45}.Debug|Any CPU.ActiveCfg = Debug|Any CPU
		{FF1275DF-4614-43C2-A1E7-AA397D8C0F45}.Debug|Any CPU.Build.0 = Debug|Any CPU
		{FF1275DF-4614-43C2-A1E7-AA397D8C0F45}.Release|Any CPU.ActiveCfg = Release|Any CPU
		{FF1275DF-4614-43C2-A1E7-AA397D8C0F45}.Release|Any CPU.Build.0 = Release|Any CPU
		{59CBE0C3-B455-4041-B7ED-57C1A240B361}.Debug|Any CPU.ActiveCfg = Debug|Any CPU
		{59CBE0C3-B455-4041-B7ED-57C1A240B361}.Debug|Any CPU.Build.0 = Debug|Any CPU
		{59CBE0C3-B455-4041-B7ED-57C1A240B361}.Release|Any CPU.ActiveCfg = Release|Any CPU
		{59CBE0C3-B455-4041-B7ED-57C1A240B361}.Release|Any CPU.Build.0 = Release|Any CPU
	EndGlobalSection
	GlobalSection(SolutionProperties) = preSolution
		HideSolutionNode = FALSE
	EndGlobalSection
EndGlobal
